annotated-types==0.8.0
anyio==4.15.1
APScheduler==3.11.0
bencodepy==0.9.5
certifi==2026.7.22
cffi==2.1.1
click==8.5.0
colorama==0.4.6
cryptography==44.0.3
fastapi==0.115.12
filelock==3.18.0
h11==0.16.0
httpcore==1.0.9
httpx==0.28.1
idna==3.20
iniconfig==2.3.0
packaging==26.3
platformdirs==4.3.8
pluggy==1.6.0
pycparser==3.0
pydantic==2.13.5
pydantic_core==2.46.5
pytest==8.3.5
regex==2024.11.6
ruff==0.11.10
starlette==0.46.2
typing-inspection==0.4.4
typing_extensions==4.16.0
tzdata==2025.2
tzlocal==5.4.4
uvicorn==0.34.2
